
Microsoft Visual Studio Solution File, Format Version 12.00
# Visual Studio Version 16
VisualStudioVersion = 16.0.31911.196
MinimumVisualStudioVersion = 10.0.40219.1
Project("{FAE04EC0-301F-11D3-BF4B-00C04F79EFBC}") = "BoxingAndUnboxing", "BoxingAndUnboxing\BoxingAndUnboxing.csproj", "{910A0AD8-A95A-49CB-B57F-88C2E2B9F2A9}"
EndProject
Global
	GlobalSection(SolutionConfigurationPlatforms) = preSolution
		Debug|Any CPU = Debug|Any CPU
		Release|Any CPU = Release|Any CPU
	EndGlobalSection
	GlobalSection(ProjectConfigurationPlatforms) = postSolution
		{910A0AD8-A95A-49CB-B57F-88C2E2B9F2A9}.Debug|Any CPU.ActiveCfg = Debug|Any CPU
		{910A0AD8-A95A-49CB-B57F-88C2E2B9F2A9}.Debug|Any CPU.Build.0 = Debug|Any CPU
		{910A0AD8-A95A-49CB-B57F-88C2E2B9F2A9}.Release|Any CPU.ActiveCfg = Release|Any CPU
		{910A0AD8-A95A-49CB-B57F-88C2E2B9F2A9}.Release|Any CPU.Build.0 = Release|Any CPU
	EndGlobalSection
	GlobalSection(SolutionProperties) = preSolution
		HideSolutionNode = FALSE
	EndGlobalSection
	GlobalSection(ExtensibilityGlobals) = postSolution
		SolutionGuid = {D12C9198-D1CF-4326-9641-C2B75F48566C}
	EndGlobalSection
EndGlobal
