
Microsoft Visual Studio Solution File, Format Version 12.00
# Visual Studio Version 16
VisualStudioVersion = 16.0.31911.196
MinimumVisualStudioVersion = 10.0.40219.1
Project("{FAE04EC0-301F-11D3-BF4B-00C04F79EFBC}") = "ConsoleApp2", "ConsoleApp2\ConsoleApp2.csproj", "{04D632A8-6C65-4CB8-A4E0-15D8AFB7CEE1}"
EndProject
Global
	GlobalSection(SolutionConfigurationPlatforms) = preSolution
		Debug|Any CPU = Debug|Any CPU
		Release|Any CPU = Release|Any CPU
	EndGlobalSection
	GlobalSection(ProjectConfigurationPlatforms) = postSolution
		{04D632A8-6C65-4CB8-A4E0-15D8AFB7CEE1}.Debug|Any CPU.ActiveCfg = Debug|Any CPU
		{04D632A8-6C65-4CB8-A4E0-15D8AFB7CEE1}.Debug|Any CPU.Build.0 = Debug|Any CPU
		{04D632A8-6C65-4CB8-A4E0-15D8AFB7CEE1}.Release|Any CPU.ActiveCfg = Release|Any CPU
		{04D632A8-6C65-4CB8-A4E0-15D8AFB7CEE1}.Release|Any CPU.Build.0 = Release|Any CPU
	EndGlobalSection
	GlobalSection(SolutionProperties) = preSolution
		HideSolutionNode = FALSE
	EndGlobalSection
	GlobalSection(ExtensibilityGlobals) = postSolution
		SolutionGuid = {6489A899-2F7F-4510-AD09-78F27AB652F5}
	EndGlobalSection
EndGlobal
