
Microsoft Visual Studio Solution File, Format Version 12.00
# Visual Studio Version 16
VisualStudioVersion = 16.0.31911.196
MinimumVisualStudioVersion = 10.0.40219.1
Project("{FAE04EC0-301F-11D3-BF4B-00C04F79EFBC}") = "fileSt", "fileSt\fileSt.csproj", "{49229EB4-75A1-4327-9E1E-7F4F6F84B19D}"
EndProject
Global
	GlobalSection(SolutionConfigurationPlatforms) = preSolution
		Debug|Any CPU = Debug|Any CPU
		Release|Any CPU = Release|Any CPU
	EndGlobalSection
	GlobalSection(ProjectConfigurationPlatforms) = postSolution
		{49229EB4-75A1-4327-9E1E-7F4F6F84B19D}.Debug|Any CPU.ActiveCfg = Debug|Any CPU
		{49229EB4-75A1-4327-9E1E-7F4F6F84B19D}.Debug|Any CPU.Build.0 = Debug|Any CPU
		{49229EB4-75A1-4327-9E1E-7F4F6F84B19D}.Release|Any CPU.ActiveCfg = Release|Any CPU
		{49229EB4-75A1-4327-9E1E-7F4F6F84B19D}.Release|Any CPU.Build.0 = Release|Any CPU
	EndGlobalSection
	GlobalSection(SolutionProperties) = preSolution
		HideSolutionNode = FALSE
	EndGlobalSection
	GlobalSection(ExtensibilityGlobals) = postSolution
		SolutionGuid = {C4AE6BAE-5AF9-49CF-B4E1-BD8FF51388FB}
	EndGlobalSection
EndGlobal
