
Microsoft Visual Studio Solution File, Format Version 12.00
# Visual Studio Version 16
VisualStudioVersion = 16.0.31911.196
MinimumVisualStudioVersion = 10.0.40219.1
Project("{FAE04EC0-301F-11D3-BF4B-00C04F79EFBC}") = "Stream", "Stream\Stream.csproj", "{2DD5D874-E2A4-4244-8C38-1A116B4EF4AA}"
EndProject
Global
	GlobalSection(SolutionConfigurationPlatforms) = preSolution
		Debug|Any CPU = Debug|Any CPU
		Release|Any CPU = Release|Any CPU
	EndGlobalSection
	GlobalSection(ProjectConfigurationPlatforms) = postSolution
		{2DD5D874-E2A4-4244-8C38-1A116B4EF4AA}.Debug|Any CPU.ActiveCfg = Debug|Any CPU
		{2DD5D874-E2A4-4244-8C38-1A116B4EF4AA}.Debug|Any CPU.Build.0 = Debug|Any CPU
		{2DD5D874-E2A4-4244-8C38-1A116B4EF4AA}.Release|Any CPU.ActiveCfg = Release|Any CPU
		{2DD5D874-E2A4-4244-8C38-1A116B4EF4AA}.Release|Any CPU.Build.0 = Release|Any CPU
	EndGlobalSection
	GlobalSection(SolutionProperties) = preSolution
		HideSolutionNode = FALSE
	EndGlobalSection
	GlobalSection(ExtensibilityGlobals) = postSolution
		SolutionGuid = {BABDE17A-E829-4E24-9357-4A457BE97703}
	EndGlobalSection
EndGlobal
