
Microsoft Visual Studio Solution File, Format Version 12.00
# Visual Studio Version 16
VisualStudioVersion = 16.0.31911.196
MinimumVisualStudioVersion = 10.0.40219.1
Project("{FAE04EC0-301F-11D3-BF4B-00C04F79EFBC}") = "sample", "sample\sample.csproj", "{A1099ABD-D080-42A5-9B8F-22AF217CFE23}"
EndProject
Global
	GlobalSection(SolutionConfigurationPlatforms) = preSolution
		Debug|Any CPU = Debug|Any CPU
		Release|Any CPU = Release|Any CPU
	EndGlobalSection
	GlobalSection(ProjectConfigurationPlatforms) = postSolution
		{A1099ABD-D080-42A5-9B8F-22AF217CFE23}.Debug|Any CPU.ActiveCfg = Debug|Any CPU
		{A1099ABD-D080-42A5-9B8F-22AF217CFE23}.Debug|Any CPU.Build.0 = Debug|Any CPU
		{A1099ABD-D080-42A5-9B8F-22AF217CFE23}.Release|Any CPU.ActiveCfg = Release|Any CPU
		{A1099ABD-D080-42A5-9B8F-22AF217CFE23}.Release|Any CPU.Build.0 = Release|Any CPU
	EndGlobalSection
	GlobalSection(SolutionProperties) = preSolution
		HideSolutionNode = FALSE
	EndGlobalSection
	GlobalSection(ExtensibilityGlobals) = postSolution
		SolutionGuid = {5518C094-456A-4A78-A033-BFC959700DE6}
	EndGlobalSection
EndGlobal
