
Microsoft Visual Studio Solution File, Format Version 12.00
# Visual Studio Version 16
VisualStudioVersion = 16.0.31911.196
MinimumVisualStudioVersion = 10.0.40219.1
Project("{FAE04EC0-301F-11D3-BF4B-00C04F79EFBC}") = "Assignment_2", "Assignment_2\Assignment_2.csproj", "{2891531F-4622-4382-8DE4-82CAAB5234EB}"
EndProject
Global
	GlobalSection(SolutionConfigurationPlatforms) = preSolution
		Debug|Any CPU = Debug|Any CPU
		Release|Any CPU = Release|Any CPU
	EndGlobalSection
	GlobalSection(ProjectConfigurationPlatforms) = postSolution
		{2891531F-4622-4382-8DE4-82CAAB5234EB}.Debug|Any CPU.ActiveCfg = Debug|Any CPU
		{2891531F-4622-4382-8DE4-82CAAB5234EB}.Debug|Any CPU.Build.0 = Debug|Any CPU
		{2891531F-4622-4382-8DE4-82CAAB5234EB}.Release|Any CPU.ActiveCfg = Release|Any CPU
		{2891531F-4622-4382-8DE4-82CAAB5234EB}.Release|Any CPU.Build.0 = Release|Any CPU
	EndGlobalSection
	GlobalSection(SolutionProperties) = preSolution
		HideSolutionNode = FALSE
	EndGlobalSection
	GlobalSection(ExtensibilityGlobals) = postSolution
		SolutionGuid = {03BEAE47-8BF4-4833-B992-95424B1CA7C2}
	EndGlobalSection
EndGlobal
